// !$*UTF8*$!
{
	archiveVersion = 1;
	classes = {
	};
	objectVersion = 51;
	objects = {

/* Begin PBXBuildFile section */
		895D2E80265D780D003112AC /* LoadingTableViewCell.swift in Sources */ = {isa = PBXBuildFile; fileRef = 895D2E7E265D780D003112AC /* LoadingTableViewCell.swift */; };
		895D2E81265D780D003112AC /* LoadingTableViewCell.xib in Resources */ = {isa = PBXBuildFile; fileRef = 895D2E7F265D780D003112AC /* LoadingTableViewCell.xib */; };
		89647D7B265C2D09007C9A3D /* AppDelegate.swift in Sources */ = {isa = PBXBuildFile; fileRef = 89647D7A265C2D09007C9A3D /* AppDelegate.swift */; };
		89647D7D265C2D09007C9A3D /* SceneDelegate.swift in Sources */ = {isa = PBXBuildFile; fileRef = 89647D7C265C2D09007C9A3D /* SceneDelegate.swift */; };
		89647D7F265C2D09007C9A3D /* ViewController.swift in Sources */ = {isa = PBXBuildFile; fileRef = 89647D7E265C2D09007C9A3D /* ViewController.swift */; };
		89647D82265C2D09007C9A3D /* Main.storyboard in Resources */ = {isa = PBXBuildFile; fileRef = 89647D80265C2D09007C9A3D /* Main.storyboard */; };
		89647D85265C2D09007C9A3D /* AppNoticias.xcdatamodeld in Sources */ = {isa = PBXBuildFile; fileRef = 89647D83265C2D09007C9A3D /* AppNoticias.xcdatamodeld */; };
		89647D87265C2D0B007C9A3D /* Assets.xcassets in Resources */ = {isa = PBXBuildFile; fileRef = 89647D86265C2D0B007C9A3D /* Assets.xcassets */; };
		89647D8A265C2D0B007C9A3D /* LaunchScreen.storyboard in Resources */ = {isa = PBXBuildFile; fileRef = 89647D88265C2D0B007C9A3D /* LaunchScreen.storyboard */; };
		89647D95265C2D0C007C9A3D /* AppNoticiasTests.swift in Sources */ = {isa = PBXBuildFile; fileRef = 89647D94265C2D0C007C9A3D /* AppNoticiasTests.swift */; };
		89647DA0265C2D0C007C9A3D /* AppNoticiasUITests.swift in Sources */ = {isa = PBXBuildFile; fileRef = 89647D9F265C2D0C007C9A3D /* AppNoticiasUITests.swift */; };
		89647DB4265C2D4C007C9A3D /* RequestAPI.swift in Sources */ = {isa = PBXBuildFile; fileRef = 89647DB3265C2D4C007C9A3D /* RequestAPI.swift */; };
		89647DC8265C391D007C9A3D /* StructAPI.swift in Sources */ = {isa = PBXBuildFile; fileRef = 89647DC7265C391D007C9A3D /* StructAPI.swift */; };
		89647DEA265D25E9007C9A3D /* RecoverKey.swift in Sources */ = {isa = PBXBuildFile; fileRef = 89647DE9265D25E9007C9A3D /* RecoverKey.swift */; };
		89647E0C265D3D3B007C9A3D /* LayoutTableViewCell.swift in Sources */ = {isa = PBXBuildFile; fileRef = 89647E0B265D3D3B007C9A3D /* LayoutTableViewCell.swift */; };
		89B71252265E8B4C0009199E /* CategoryNews.swift in Sources */ = {isa = PBXBuildFile; fileRef = 89B71251265E8B4C0009199E /* CategoryNews.swift */; };
		89B71269265E9D0D0009199E /* HomeTableViewController.swift in Sources */ = {isa = PBXBuildFile; fileRef = 89B71268265E9D0D0009199E /* HomeTableViewController.swift */; };
		89B71272265EBD030009199E /* HomeTableViewCell.swift in Sources */ = {isa = PBXBuildFile; fileRef = 89B71271265EBD030009199E /* HomeTableViewCell.swift */; };
		A1C5FE8173BF94CF98708C89 /* Pods_AppNoticias_AppNoticiasUITests.framework in Frameworks */ = {isa = PBXBuildFile; fileRef = 3FE7D62F8ABE9211713BCCCE /* Pods_AppNoticias_AppNoticiasUITests.framework */; };
		ACED43C57CD064A8ED4DB347 /* Pods_AppNoticiasTests.framework in Frameworks */ = {isa = PBXBuildFile; fileRef = 9D616D807D0B90D4C9D59F39 /* Pods_AppNoticiasTests.framework */; };
		FC903C250FA87CBF9FD9BF54 /* Pods_AppNoticias.framework in Frameworks */ = {isa = PBXBuildFile; fileRef = 0E3CE440B3EB3011DE1430E8 /* Pods_AppNoticias.framework */; };
/* End PBXBuildFile section */

/* Begin PBXContainerItemProxy section */
		89647D91265C2D0C007C9A3D /* PBXContainerItemProxy */ = {
			isa = PBXContainerItemProxy;
			containerPortal = 89647D6F265C2D09007C9A3D /* Project object */;
			proxyType = 1;
			remoteGlobalIDString = 89647D76265C2D09007C9A3D;
			remoteInfo = AppNoticias;
		};
		89647D9C265C2D0C007C9A3D /* PBXContainerItemProxy */ = {
			isa = PBXContainerItemProxy;
			containerPortal = 89647D6F265C2D09007C9A3D /* Project object */;
			proxyType = 1;
			remoteGlobalIDString = 89647D76265C2D09007C9A3D;
			remoteInfo = AppNoticias;
		};
/* End PBXContainerItemProxy section */

/* Begin PBXFileReference section */
		025D3609DEB1A32D0D2CA286 /* Pods-AppNoticiasTests.debug.xcconfig */ = {isa = PBXFileReference; includeInIndex = 1; lastKnownFileType = text.xcconfig; name = "Pods-AppNoticiasTests.debug.xcconfig"; path = "Target Support Files/Pods-AppNoticiasTests/Pods-AppNoticiasTests.debug.xcconfig"; sourceTree = "<group>"; };
		0E3CE440B3EB3011DE1430E8 /* Pods_AppNoticias.framework */ = {isa = PBXFileReference; explicitFileType = wrapper.framework; includeInIndex = 0; path = Pods_AppNoticias.framework; sourceTree = BUILT_PRODUCTS_DIR; };
		230453A22A139AF846D67BDE /* Pods-AppNoticias-AppNoticiasUITests.debug.xcconfig */ = {isa = PBXFileReference; includeInIndex = 1; lastKnownFileType = text.xcconfig; name = "Pods-AppNoticias-AppNoticiasUITests.debug.xcconfig"; path = "Target Support Files/Pods-AppNoticias-AppNoticiasUITests/Pods-AppNoticias-AppNoticiasUITests.debug.xcconfig"; sourceTree = "<group>"; };
		3FE7D62F8ABE9211713BCCCE /* Pods_AppNoticias_AppNoticiasUITests.framework */ = {isa = PBXFileReference; explicitFileType = wrapper.framework; includeInIndex = 0; path = Pods_AppNoticias_AppNoticiasUITests.framework; sourceTree = BUILT_PRODUCTS_DIR; };
		895D2E7E265D780D003112AC /* LoadingTableViewCell.swift */ = {isa = PBXFileReference; lastKnownFileType = sourcecode.swift; path = LoadingTableViewCell.swift; sourceTree = "<group>"; };
		895D2E7F265D780D003112AC /* LoadingTableViewCell.xib */ = {isa = PBXFileReference; lastKnownFileType = file.xib; path = LoadingTableViewCell.xib; sourceTree = "<group>"; };
		89647D77265C2D09007C9A3D /* AppNoticias.app */ = {isa = PBXFileReference; explicitFileType = wrapper.application; includeInIndex = 0; path = AppNoticias.app; sourceTree = BUILT_PRODUCTS_DIR; };
		89647D7A265C2D09007C9A3D /* AppDelegate.swift */ = {isa = PBXFileReference; lastKnownFileType = sourcecode.swift; path = AppDelegate.swift; sourceTree = "<group>"; };
		89647D7C265C2D09007C9A3D /* SceneDelegate.swift */ = {isa = PBXFileReference; lastKnownFileType = sourcecode.swift; path = SceneDelegate.swift; sourceTree = "<group>"; };
		89647D7E265C2D09007C9A3D /* ViewController.swift */ = {isa = PBXFileReference; lastKnownFileType = sourcecode.swift; path = ViewController.swift; sourceTree = "<group>"; };
		89647D81265C2D09007C9A3D /* Base */ = {isa = PBXFileReference; lastKnownFileType = file.storyboard; name = Base; path = Base.lproj/Main.storyboard; sourceTree = "<group>"; };
		89647D84265C2D09007C9A3D /* AppNoticias.xcdatamodel */ = {isa = PBXFileReference; lastKnownFileType = wrapper.xcdatamodel; path = AppNoticias.xcdatamodel; sourceTree = "<group>"; };
		89647D86265C2D0B007C9A3D /* Assets.xcassets */ = {isa = PBXFileReference; lastKnownFileType = folder.assetcatalog; path = Assets.xcassets; sourceTree = "<group>"; };
		89647D89265C2D0B007C9A3D /* Base */ = {isa = PBXFileReference; lastKnownFileType = file.storyboard; name = Base; path = Base.lproj/LaunchScreen.storyboard; sourceTree = "<group>"; };
		89647D8B265C2D0B007C9A3D /* Info.plist */ = {isa = PBXFileReference; lastKnownFileType = text.plist.xml; path = Info.plist; sourceTree = "<group>"; };
		89647D90265C2D0C007C9A3D /* AppNoticiasTests.xctest */ = {isa = PBXFileReference; explicitFileType = wrapper.cfbundle; includeInIndex = 0; path = AppNoticiasTests.xctest; sourceTree = BUILT_PRODUCTS_DIR; };
		89647D94265C2D0C007C9A3D /* AppNoticiasTests.swift */ = {isa = PBXFileReference; lastKnownFileType = sourcecode.swift; path = AppNoticiasTests.swift; sourceTree = "<group>"; };
		89647D96265C2D0C007C9A3D /* Info.plist */ = {isa = PBXFileReference; lastKnownFileType = text.plist.xml; path = Info.plist; sourceTree = "<group>"; };
		89647D9B265C2D0C007C9A3D /* AppNoticiasUITests.xctest */ = {isa = PBXFileReference; explicitFileType = wrapper.cfbundle; includeInIndex = 0; path = AppNoticiasUITests.xctest; sourceTree = BUILT_PRODUCTS_DIR; };
		89647D9F265C2D0C007C9A3D /* AppNoticiasUITests.swift */ = {isa = PBXFileReference; lastKnownFileType = sourcecode.swift; path = AppNoticiasUITests.swift; sourceTree = "<group>"; };
		89647DA1265C2D0C007C9A3D /* Info.plist */ = {isa = PBXFileReference; lastKnownFileType = text.plist.xml; path = Info.plist; sourceTree = "<group>"; };
		89647DB3265C2D4C007C9A3D /* RequestAPI.swift */ = {isa = PBXFileReference; lastKnownFileType = sourcecode.swift; path = RequestAPI.swift; sourceTree = "<group>"; };
		89647DC7265C391D007C9A3D /* StructAPI.swift */ = {isa = PBXFileReference; lastKnownFileType = sourcecode.swift; path = StructAPI.swift; sourceTree = "<group>"; };
		89647DE9265D25E9007C9A3D /* RecoverKey.swift */ = {isa = PBXFileReference; lastKnownFileType = sourcecode.swift; path = RecoverKey.swift; sourceTree = "<group>"; };
		89647E0B265D3D3B007C9A3D /* LayoutTableViewCell.swift */ = {isa = PBXFileReference; lastKnownFileType = sourcecode.swift; path = LayoutTableViewCell.swift; sourceTree = "<group>"; };
		89B71251265E8B4C0009199E /* CategoryNews.swift */ = {isa = PBXFileReference; lastKnownFileType = sourcecode.swift; path = CategoryNews.swift; sourceTree = "<group>"; };
		89B71268265E9D0D0009199E /* HomeTableViewController.swift */ = {isa = PBXFileReference; lastKnownFileType = sourcecode.swift; path = HomeTableViewController.swift; sourceTree = "<group>"; };
		89B71271265EBD030009199E /* HomeTableViewCell.swift */ = {isa = PBXFileReference; lastKnownFileType = sourcecode.swift; path = HomeTableViewCell.swift; sourceTree = "<group>"; };
		9D616D807D0B90D4C9D59F39 /* Pods_AppNoticiasTests.framework */ = {isa = PBXFileReference; explicitFileType = wrapper.framework; includeInIndex = 0; path = Pods_AppNoticiasTests.framework; sourceTree = BUILT_PRODUCTS_DIR; };
		BB0BE095706E5A90A11B3A54 /* Pods-AppNoticiasTests.release.xcconfig */ = {isa = PBXFileReference; includeInIndex = 1; lastKnownFileType = text.xcconfig; name = "Pods-AppNoticiasTests.release.xcconfig"; path = "Target Support Files/Pods-AppNoticiasTests/Pods-AppNoticiasTests.release.xcconfig"; sourceTree = "<group>"; };
		C2C6EED5D45B995180950951 /* Pods-AppNoticias.release.xcconfig */ = {isa = PBXFileReference; includeInIndex = 1; lastKnownFileType = text.xcconfig; name = "Pods-AppNoticias.release.xcconfig"; path = "Target Support Files/Pods-AppNoticias/Pods-AppNoticias.release.xcconfig"; sourceTree = "<group>"; };
		D584ECE8EA1F72FCEFB646BC /* Pods-AppNoticias-AppNoticiasUITests.release.xcconfig */ = {isa = PBXFileReference; includeInIndex = 1; lastKnownFileType = text.xcconfig; name = "Pods-AppNoticias-AppNoticiasUITests.release.xcconfig"; path = "Target Support Files/Pods-AppNoticias-AppNoticiasUITests/Pods-AppNoticias-AppNoticiasUITests.release.xcconfig"; sourceTree = "<group>"; };
		FF0C9189C9E995975BD38945 /* Pods-AppNoticias.debug.xcconfig */ = {isa = PBXFileReference; includeInIndex = 1; lastKnownFileType = text.xcconfig; name = "Pods-AppNoticias.debug.xcconfig"; path = "Target Support Files/Pods-AppNoticias/Pods-AppNoticias.debug.xcconfig"; sourceTree = "<group>"; };
/* End PBXFileReference section */

/* Begin PBXFrameworksBuildPhase section */
		89647D74265C2D09007C9A3D /* Frameworks */ = {
			isa = PBXFrameworksBuildPhase;
			buildActionMask = 2147483647;
			files = (
				FC903C250FA87CBF9FD9BF54 /* Pods_AppNoticias.framework in Frameworks */,
			);
			runOnlyForDeploymentPostprocessing = 0;
		};
		89647D8D265C2D0C007C9A3D /* Frameworks */ = {
			isa = PBXFrameworksBuildPhase;
			buildActionMask = 2147483647;
			files = (
				ACED43C57CD064A8ED4DB347 /* Pods_AppNoticiasTests.framework in Frameworks */,
			);
			runOnlyForDeploymentPostprocessing = 0;
		};
		89647D98265C2D0C007C9A3D /* Frameworks */ = {
			isa = PBXFrameworksBuildPhase;
			buildActionMask = 2147483647;
			files = (
				A1C5FE8173BF94CF98708C89 /* Pods_AppNoticias_AppNoticiasUITests.framework in Frameworks */,
			);
			runOnlyForDeploymentPostprocessing = 0;
		};
/* End PBXFrameworksBuildPhase section */

/* Begin PBXGroup section */
		1CF8912234F12120F34B07B4 /* Frameworks */ = {
			isa = PBXGroup;
			children = (
				0E3CE440B3EB3011DE1430E8 /* Pods_AppNoticias.framework */,
				3FE7D62F8ABE9211713BCCCE /* Pods_AppNoticias_AppNoticiasUITests.framework */,
				9D616D807D0B90D4C9D59F39 /* Pods_AppNoticiasTests.framework */,
			);
			name = Frameworks;
			sourceTree = "<group>";
		};
		89647D6E265C2D09007C9A3D = {
			isa = PBXGroup;
			children = (
				89647D79265C2D09007C9A3D /* AppNoticias */,
				89647D93265C2D0C007C9A3D /* AppNoticiasTests */,
				89647D9E265C2D0C007C9A3D /* AppNoticiasUITests */,
				89647D78265C2D09007C9A3D /* Products */,
				F0A46DC14A3E9BD9D8829894 /* Pods */,
				1CF8912234F12120F34B07B4 /* Frameworks */,
			);
			sourceTree = "<group>";
		};
		89647D78265C2D09007C9A3D /* Products */ = {
			isa = PBXGroup;
			children = (
				89647D77265C2D09007C9A3D /* AppNoticias.app */,
				89647D90265C2D0C007C9A3D /* AppNoticiasTests.xctest */,
				89647D9B265C2D0C007C9A3D /* AppNoticiasUITests.xctest */,
			);
			name = Products;
			sourceTree = "<group>";
		};
		89647D79265C2D09007C9A3D /* AppNoticias */ = {
			isa = PBXGroup;
			children = (
				89647DB2265C2D29007C9A3D /* Model */,
				89647DB1265C2D24007C9A3D /* View */,
				89647DB0265C2D15007C9A3D /* ViewModel */,
				89647D7A265C2D09007C9A3D /* AppDelegate.swift */,
				89647D7C265C2D09007C9A3D /* SceneDelegate.swift */,
				89647D86265C2D0B007C9A3D /* Assets.xcassets */,
				89647D88265C2D0B007C9A3D /* LaunchScreen.storyboard */,
				89647D8B265C2D0B007C9A3D /* Info.plist */,
				89647D83265C2D09007C9A3D /* AppNoticias.xcdatamodeld */,
			);
			path = AppNoticias;
			sourceTree = "<group>";
		};
		89647D93265C2D0C007C9A3D /* AppNoticiasTests */ = {
			isa = PBXGroup;
			children = (
				89647D94265C2D0C007C9A3D /* AppNoticiasTests.swift */,
				89647D96265C2D0C007C9A3D /* Info.plist */,
			);
			path = AppNoticiasTests;
			sourceTree = "<group>";
		};
		89647D9E265C2D0C007C9A3D /* AppNoticiasUITests */ = {
			isa = PBXGroup;
			children = (
				89647D9F265C2D0C007C9A3D /* AppNoticiasUITests.swift */,
				89647DA1265C2D0C007C9A3D /* Info.plist */,
			);
			path = AppNoticiasUITests;
			sourceTree = "<group>";
		};
		89647DB0265C2D15007C9A3D /* ViewModel */ = {
			isa = PBXGroup;
			children = (
				89B7126D265EBCC70009199E /* Cell */,
				89647D7E265C2D09007C9A3D /* ViewController.swift */,
				89B71268265E9D0D0009199E /* HomeTableViewController.swift */,
			);
			path = ViewModel;
			sourceTree = "<group>";
		};
		89647DB1265C2D24007C9A3D /* View */ = {
			isa = PBXGroup;
			children = (
				89B71276265EBD1E0009199E /* Cell */,
				89647D80265C2D09007C9A3D /* Main.storyboard */,
			);
			path = View;
			sourceTree = "<group>";
		};
		89647DB2265C2D29007C9A3D /* Model */ = {
			isa = PBXGroup;
			children = (
				89647DC7265C391D007C9A3D /* StructAPI.swift */,
				89B71251265E8B4C0009199E /* CategoryNews.swift */,
				89647DE9265D25E9007C9A3D /* RecoverKey.swift */,
				89647DB3265C2D4C007C9A3D /* RequestAPI.swift */,
			);
			path = Model;
			sourceTree = "<group>";
		};
		89B7126D265EBCC70009199E /* Cell */ = {
			isa = PBXGroup;
			children = (
				895D2E7E265D780D003112AC /* LoadingTableViewCell.swift */,
				89647E0B265D3D3B007C9A3D /* LayoutTableViewCell.swift */,
				89B71271265EBD030009199E /* HomeTableViewCell.swift */,
			);
			path = Cell;
			sourceTree = "<group>";
		};
		89B71276265EBD1E0009199E /* Cell */ = {
			isa = PBXGroup;
			children = (
				895D2E7F265D780D003112AC /* LoadingTableViewCell.xib */,
			);
			path = Cell;
			sourceTree = "<group>";
		};
		F0A46DC14A3E9BD9D8829894 /* Pods */ = {
			isa = PBXGroup;
			children = (
				FF0C9189C9E995975BD38945 /* Pods-AppNoticias.debug.xcconfig */,
				C2C6EED5D45B995180950951 /* Pods-AppNoticias.release.xcconfig */,
				230453A22A139AF846D67BDE /* Pods-AppNoticias-AppNoticiasUITests.debug.xcconfig */,
				D584ECE8EA1F72FCEFB646BC /* Pods-AppNoticias-AppNoticiasUITests.release.xcconfig */,
				025D3609DEB1A32D0D2CA286 /* Pods-AppNoticiasTests.debug.xcconfig */,
				BB0BE095706E5A90A11B3A54 /* Pods-AppNoticiasTests.release.xcconfig */,
			);
			path = Pods;
			sourceTree = "<group>";
		};
/* End PBXGroup section */

/* Begin PBXNativeTarget section */
		89647D76265C2D09007C9A3D /* AppNoticias */ = {
			isa = PBXNativeTarget;
			buildConfigurationList = 89647DA4265C2D0C007C9A3D /* Build configuration list for PBXNativeTarget "AppNoticias" */;
			buildPhases = (
				AE7B631B53C9A7CBB5CD4BBB /* [CP] Check Pods Manifest.lock */,
				89647D73265C2D09007C9A3D /* Sources */,
				89647D74265C2D09007C9A3D /* Frameworks */,
				89647D75265C2D09007C9A3D /* Resources */,
				677CB630CB0000AD787C4063 /* [CP] Embed Pods Frameworks */,
			);
			buildRules = (
			);
			dependencies = (
			);
			name = AppNoticias;
			productName = AppNoticias;
			productReference = 89647D77265C2D09007C9A3D /* AppNoticias.app */;
			productType = "com.apple.product-type.application";
		};
		89647D8F265C2D0C007C9A3D /* AppNoticiasTests */ = {
			isa = PBXNativeTarget;
			buildConfigurationList = 89647DA7265C2D0C007C9A3D /* Build configuration list for PBXNativeTarget "AppNoticiasTests" */;
			buildPhases = (
				469036F87E30BC647EA5361D /* [CP] Check Pods Manifest.lock */,
				89647D8C265C2D0C007C9A3D /* Sources */,
				89647D8D265C2D0C007C9A3D /* Frameworks */,
				89647D8E265C2D0C007C9A3D /* Resources */,
			);
			buildRules = (
			);
			dependencies = (
				89647D92265C2D0C007C9A3D /* PBXTargetDependency */,
			);
			name = AppNoticiasTests;
			productName = AppNoticiasTests;
			productReference = 89647D90265C2D0C007C9A3D /* AppNoticiasTests.xctest */;
			productType = "com.apple.product-type.bundle.unit-test";
		};
		89647D9A265C2D0C007C9A3D /* AppNoticiasUITests */ = {
			isa = PBXNativeTarget;
			buildConfigurationList = 89647DAA265C2D0C007C9A3D /* Build configuration list for PBXNativeTarget "AppNoticiasUITests" */;
			buildPhases = (
				B92E060C4C3D2981738F1803 /* [CP] Check Pods Manifest.lock */,
				89647D97265C2D0C007C9A3D /* Sources */,
				89647D98265C2D0C007C9A3D /* Frameworks */,
				89647D99265C2D0C007C9A3D /* Resources */,
				D26F4A47FE288910F7B016B3 /* [CP] Embed Pods Frameworks */,
			);
			buildRules = (
			);
			dependencies = (
				89647D9D265C2D0C007C9A3D /* PBXTargetDependency */,
			);
			name = AppNoticiasUITests;
			productName = AppNoticiasUITests;
			productReference = 89647D9B265C2D0C007C9A3D /* AppNoticiasUITests.xctest */;
			productType = "com.apple.product-type.bundle.ui-testing";
		};
/* End PBXNativeTarget section */

/* Begin PBXProject section */
		89647D6F265C2D09007C9A3D /* Project object */ = {
			isa = PBXProject;
			attributes = {
				LastSwiftUpdateCheck = 1240;
				LastUpgradeCheck = 1240;
				TargetAttributes = {
					89647D76265C2D09007C9A3D = {
						CreatedOnToolsVersion = 12.4;
					};
					89647D8F265C2D0C007C9A3D = {
						CreatedOnToolsVersion = 12.4;
						TestTargetID = 89647D76265C2D09007C9A3D;
					};
					89647D9A265C2D0C007C9A3D = {
						CreatedOnToolsVersion = 12.4;
						TestTargetID = 89647D76265C2D09007C9A3D;
					};
				};
			};
			buildConfigurationList = 89647D72265C2D09007C9A3D /* Build configuration list for PBXProject "AppNoticias" */;
			compatibilityVersion = "Xcode 9.3";
			developmentRegion = en;
			hasScannedForEncodings = 0;
			knownRegions = (
				en,
				Base,
			);
			mainGroup = 89647D6E265C2D09007C9A3D;
			productRefGroup = 89647D78265C2D09007C9A3D /* Products */;
			projectDirPath = "";
			projectRoot = "";
			targets = (
				89647D76265C2D09007C9A3D /* AppNoticias */,
				89647D8F265C2D0C007C9A3D /* AppNoticiasTests */,
				89647D9A265C2D0C007C9A3D /* AppNoticiasUITests */,
			);
		};
/* End PBXProject section */

/* Begin PBXResourcesBuildPhase section */
		89647D75265C2D09007C9A3D /* Resources */ = {
			isa = PBXResourcesBuildPhase;
			buildActionMask = 2147483647;
			files = (
				89647D8A265C2D0B007C9A3D /* LaunchScreen.storyboard in Resources */,
				89647D87265C2D0B007C9A3D /* Assets.xcassets in Resources */,
				895D2E81265D780D003112AC /* LoadingTableViewCell.xib in Resources */,
				89647D82265C2D09007C9A3D /* Main.storyboard in Resources */,
			);
			runOnlyForDeploymentPostprocessing = 0;
		};
		89647D8E265C2D0C007C9A3D /* Resources */ = {
			isa = PBXResourcesBuildPhase;
			buildActionMask = 2147483647;
			files = (
			);
			runOnlyForDeploymentPostprocessing = 0;
		};
		89647D99265C2D0C007C9A3D /* Resources */ = {
			isa = PBXResourcesBuildPhase;
			buildActionMask = 2147483647;
			files = (
			);
			runOnlyForDeploymentPostprocessing = 0;
		};
/* End PBXResourcesBuildPhase section */

/* Begin PBXShellScriptBuildPhase section */
		469036F87E30BC647EA5361D /* [CP] Check Pods Manifest.lock */ = {
			isa = PBXShellScriptBuildPhase;
			buildActionMask = 2147483647;
			files = (
			);
			inputFileListPaths = (
			);
			inputPaths = (
				"${PODS_PODFILE_DIR_PATH}/Podfile.lock",
				"${PODS_ROOT}/Manifest.lock",
			);
			name = "[CP] Check Pods Manifest.lock";
			outputFileListPaths = (
			);
			outputPaths = (
				"$(DERIVED_FILE_DIR)/Pods-AppNoticiasTests-checkManifestLockResult.txt",
			);
			runOnlyForDeploymentPostprocessing = 0;
			shellPath = /bin/sh;
			shellScript = "diff \"${PODS_PODFILE_DIR_PATH}/Podfile.lock\" \"${PODS_ROOT}/Manifest.lock\" > /dev/null\nif [ $? != 0 ] ; then\n    # print error to STDERR\n    echo \"error: The sandbox is not in sync with the Podfile.lock. Run 'pod install' or update your CocoaPods installation.\" >&2\n    exit 1\nfi\n# This output is used by Xcode 'outputs' to avoid re-running this script phase.\necho \"SUCCESS\" > \"${SCRIPT_OUTPUT_FILE_0}\"\n";
			showEnvVarsInLog = 0;
		};
		677CB630CB0000AD787C4063 /* [CP] Embed Pods Frameworks */ = {
			isa = PBXShellScriptBuildPhase;
			buildActionMask = 2147483647;
			files = (
			);
			inputFileListPaths = (
				"${PODS_ROOT}/Target Support Files/Pods-AppNoticias/Pods-AppNoticias-frameworks-${CONFIGURATION}-input-files.xcfilelist",
			);
			name = "[CP] Embed Pods Frameworks";
			outputFileListPaths = (
				"${PODS_ROOT}/Target Support Files/Pods-AppNoticias/Pods-AppNoticias-frameworks-${CONFIGURATION}-output-files.xcfilelist",
			);
			runOnlyForDeploymentPostprocessing = 0;
			shellPath = /bin/sh;
			shellScript = "\"${PODS_ROOT}/Target Support Files/Pods-AppNoticias/Pods-AppNoticias-frameworks.sh\"\n";
			showEnvVarsInLog = 0;
		};
		AE7B631B53C9A7CBB5CD4BBB /* [CP] Check Pods Manifest.lock */ = {
			isa = PBXShellScriptBuildPhase;
			buildActionMask = 2147483647;
			files = (
			);
			inputFileListPaths = (
			);
			inputPaths = (
				"${PODS_PODFILE_DIR_PATH}/Podfile.lock",
				"${PODS_ROOT}/Manifest.lock",
			);
			name = "[CP] Check Pods Manifest.lock";
			outputFileListPaths = (
			);
			outputPaths = (
				"$(DERIVED_FILE_DIR)/Pods-AppNoticias-checkManifestLockResult.txt",
			);
			runOnlyForDeploymentPostprocessing = 0;
			shellPath = /bin/sh;
			shellScript = "diff \"${PODS_PODFILE_DIR_PATH}/Podfile.lock\" \"${PODS_ROOT}/Manifest.lock\" > /dev/null\nif [ $? != 0 ] ; then\n    # print error to STDERR\n    echo \"error: The sandbox is not in sync with the Podfile.lock. Run 'pod install' or update your CocoaPods installation.\" >&2\n    exit 1\nfi\n# This output is used by Xcode 'outputs' to avoid re-running this script phase.\necho \"SUCCESS\" > \"${SCRIPT_OUTPUT_FILE_0}\"\n";
			showEnvVarsInLog = 0;
		};
		B92E060C4C3D2981738F1803 /* [CP] Check Pods Manifest.lock */ = {
			isa = PBXShellScriptBuildPhase;
			buildActionMask = 2147483647;
			files = (
			);
			inputFileListPaths = (
			);
			inputPaths = (
				"${PODS_PODFILE_DIR_PATH}/Podfile.lock",
				"${PODS_ROOT}/Manifest.lock",
			);
			name = "[CP] Check Pods Manifest.lock";
			outputFileListPaths = (
			);
			outputPaths = (
				"$(DERIVED_FILE_DIR)/Pods-AppNoticias-AppNoticiasUITests-checkManifestLockResult.txt",
			);
			runOnlyForDeploymentPostprocessing = 0;
			shellPath = /bin/sh;
			shellScript = "diff \"${PODS_PODFILE_DIR_PATH}/Podfile.lock\" \"${PODS_ROOT}/Manifest.lock\" > /dev/null\nif [ $? != 0 ] ; then\n    # print error to STDERR\n    echo \"error: The sandbox is not in sync with the Podfile.lock. Run 'pod install' or update your CocoaPods installation.\" >&2\n    exit 1\nfi\n# This output is used by Xcode 'outputs' to avoid re-running this script phase.\necho \"SUCCESS\" > \"${SCRIPT_OUTPUT_FILE_0}\"\n";
			showEnvVarsInLog = 0;
		};
		D26F4A47FE288910F7B016B3 /* [CP] Embed Pods Frameworks */ = {
			isa = PBXShellScriptBuildPhase;
			buildActionMask = 2147483647;
			files = (
			);
			inputFileListPaths = (
				"${PODS_ROOT}/Target Support Files/Pods-AppNoticias-AppNoticiasUITests/Pods-AppNoticias-AppNoticiasUITests-frameworks-${CONFIGURATION}-input-files.xcfilelist",
			);
			name = "[CP] Embed Pods Frameworks";
			outputFileListPaths = (
				"${PODS_ROOT}/Target Support Files/Pods-AppNoticias-AppNoticiasUITests/Pods-AppNoticias-AppNoticiasUITests-frameworks-${CONFIGURATION}-output-files.xcfilelist",
			);
			runOnlyForDeploymentPostprocessing = 0;
			shellPath = /bin/sh;
			shellScript = "\"${PODS_ROOT}/Target Support Files/Pods-AppNoticias-AppNoticiasUITests/Pods-AppNoticias-AppNoticiasUITests-frameworks.sh\"\n";
			showEnvVarsInLog = 0;
		};
/* End PBXShellScriptBuildPhase section */

/* Begin PBXSourcesBuildPhase section */
		89647D73265C2D09007C9A3D /* Sources */ = {
			isa = PBXSourcesBuildPhase;
			buildActionMask = 2147483647;
			files = (
				89647D7F265C2D09007C9A3D /* ViewController.swift in Sources */,
				89B71269265E9D0D0009199E /* HomeTableViewController.swift in Sources */,
				89647D7B265C2D09007C9A3D /* AppDelegate.swift in Sources */,
				89B71252265E8B4C0009199E /* CategoryNews.swift in Sources */,
				895D2E80265D780D003112AC /* LoadingTableViewCell.swift in Sources */,
				89647D7D265C2D09007C9A3D /* SceneDelegate.swift in Sources */,
				89B71272265EBD030009199E /* HomeTableViewCell.swift in Sources */,
				89647DB4265C2D4C007C9A3D /* RequestAPI.swift in Sources */,
				89647DEA265D25E9007C9A3D /* RecoverKey.swift in Sources */,
				89647E0C265D3D3B007C9A3D /* LayoutTableViewCell.swift in Sources */,
				89647D85265C2D09007C9A3D /* AppNoticias.xcdatamodeld in Sources */,
				89647DC8265C391D007C9A3D /* StructAPI.swift in Sources */,
			);
			runOnlyForDeploymentPostprocessing = 0;
		};
		89647D8C265C2D0C007C9A3D /* Sources */ = {
			isa = PBXSourcesBuildPhase;
			buildActionMask = 2147483647;
			files = (
				89647D95265C2D0C007C9A3D /* AppNoticiasTests.swift in Sources */,
			);
			runOnlyForDeploymentPostprocessing = 0;
		};
		89647D97265C2D0C007C9A3D /* Sources */ = {
			isa = PBXSourcesBuildPhase;
			buildActionMask = 2147483647;
			files = (
				89647DA0265C2D0C007C9A3D /* AppNoticiasUITests.swift in Sources */,
			);
			runOnlyForDeploymentPostprocessing = 0;
		};
/* End PBXSourcesBuildPhase section */

/* Begin PBXTargetDependency section */
		89647D92265C2D0C007C9A3D /* PBXTargetDependency */ = {
			isa = PBXTargetDependency;
			target = 89647D76265C2D09007C9A3D /* AppNoticias */;
			targetProxy = 89647D91265C2D0C007C9A3D /* PBXContainerItemProxy */;
		};
		89647D9D265C2D0C007C9A3D /* PBXTargetDependency */ = {
			isa = PBXTargetDependency;
			target = 89647D76265C2D09007C9A3D /* AppNoticias */;
			targetProxy = 89647D9C265C2D0C007C9A3D /* PBXContainerItemProxy */;
		};
/* End PBXTargetDependency section */

/* Begin PBXVariantGroup section */
		89647D80265C2D09007C9A3D /* Main.storyboard */ = {
			isa = PBXVariantGroup;
			children = (
				89647D81265C2D09007C9A3D /* Base */,
			);
			name = Main.storyboard;
			sourceTree = "<group>";
		};
		89647D88265C2D0B007C9A3D /* LaunchScreen.storyboard */ = {
			isa = PBXVariantGroup;
			children = (
				89647D89265C2D0B007C9A3D /* Base */,
			);
			name = LaunchScreen.storyboard;
			sourceTree = "<group>";
		};
/* End PBXVariantGroup section */

/* Begin XCBuildConfiguration section */
		89647DA2265C2D0C007C9A3D /* Debug */ = {
			isa = XCBuildConfiguration;
			buildSettings = {
				ALWAYS_SEARCH_USER_PATHS = NO;
				CLANG_ANALYZER_NONNULL = YES;
				CLANG_ANALYZER_NUMBER_OBJECT_CONVERSION = YES_AGGRESSIVE;
				CLANG_CXX_LANGUAGE_STANDARD = "gnu++14";
				CLANG_CXX_LIBRARY = "libc++";
				CLANG_ENABLE_MODULES = YES;
				CLANG_ENABLE_OBJC_ARC = YES;
				CLANG_ENABLE_OBJC_WEAK = YES;
				CLANG_WARN_BLOCK_CAPTURE_AUTORELEASING = YES;
				CLANG_WARN_BOOL_CONVERSION = YES;
				CLANG_WARN_COMMA = YES;
				CLANG_WARN_CONSTANT_CONVERSION = YES;
				CLANG_WARN_DEPRECATED_OBJC_IMPLEMENTATIONS = YES;
				CLANG_WARN_DIRECT_OBJC_ISA_USAGE = YES_ERROR;
				CLANG_WARN_DOCUMENTATION_COMMENTS = YES;
				CLANG_WARN_EMPTY_BODY = YES;
				CLANG_WARN_ENUM_CONVERSION = YES;
				CLANG_WARN_INFINITE_RECURSION = YES;
				CLANG_WARN_INT_CONVERSION = YES;
				CLANG_WARN_NON_LITERAL_NULL_CONVERSION = YES;
				CLANG_WARN_OBJC_IMPLICIT_RETAIN_SELF = YES;
				CLANG_WARN_OBJC_LITERAL_CONVERSION = YES;
				CLANG_WARN_OBJC_ROOT_CLASS = YES_ERROR;
				CLANG_WARN_QUOTED_INCLUDE_IN_FRAMEWORK_HEADER = YES;
				CLANG_WARN_RANGE_LOOP_ANALYSIS = YES;
				CLANG_WARN_STRICT_PROTOTYPES = YES;
				CLANG_WARN_SUSPICIOUS_MOVE = YES;
				CLANG_WARN_UNGUARDED_AVAILABILITY = YES_AGGRESSIVE;
				CLANG_WARN_UNREACHABLE_CODE = YES;
				CLANG_WARN__DUPLICATE_METHOD_MATCH = YES;
				COPY_PHASE_STRIP = NO;
				DEBUG_INFORMATION_FORMAT = dwarf;
				ENABLE_STRICT_OBJC_MSGSEND = YES;
				ENABLE_TESTABILITY = YES;
				GCC_C_LANGUAGE_STANDARD = gnu11;
				GCC_DYNAMIC_NO_PIC = NO;
				GCC_NO_COMMON_BLOCKS = YES;
				GCC_OPTIMIZATION_LEVEL = 0;
				GCC_PREPROCESSOR_DEFINITIONS = (
					"DEBUG=1",
					"$(inherited)",
				);
				GCC_WARN_64_TO_32_BIT_CONVERSION = YES;
				GCC_WARN_ABOUT_RETURN_TYPE = YES_ERROR;
				GCC_WARN_UNDECLARED_SELECTOR = YES;
				GCC_WARN_UNINITIALIZED_AUTOS = YES_AGGRESSIVE;
				GCC_WARN_UNUSED_FUNCTION = YES;
				GCC_WARN_UNUSED_VARIABLE = YES;
				IPHONEOS_DEPLOYMENT_TARGET = 14.4;
				MTL_ENABLE_DEBUG_INFO = INCLUDE_SOURCE;
				MTL_FAST_MATH = YES;
				ONLY_ACTIVE_ARCH = YES;
				SDKROOT = iphoneos;
				SWIFT_ACTIVE_COMPILATION_CONDITIONS = DEBUG;
				SWIFT_OPTIMIZATION_LEVEL = "-Onone";
			};
			name = Debug;
		};
		89647DA3265C2D0C007C9A3D /* Release */ = {
			isa = XCBuildConfiguration;
			buildSettings = {
				ALWAYS_SEARCH_USER_PATHS = NO;
				CLANG_ANALYZER_NONNULL = YES;
				CLANG_ANALYZER_NUMBER_OBJECT_CONVERSION = YES_AGGRESSIVE;
				CLANG_CXX_LANGUAGE_STANDARD = "gnu++14";
				CLANG_CXX_LIBRARY = "libc++";
				CLANG_ENABLE_MODULES = YES;
				CLANG_ENABLE_OBJC_ARC = YES;
				CLANG_ENABLE_OBJC_WEAK = YES;
				CLANG_WARN_BLOCK_CAPTURE_AUTORELEASING = YES;
				CLANG_WARN_BOOL_CONVERSION = YES;
				CLANG_WARN_COMMA = YES;
				CLANG_WARN_CONSTANT_CONVERSION = YES;
				CLANG_WARN_DEPRECATED_OBJC_IMPLEMENTATIONS = YES;
				CLANG_WARN_DIRECT_OBJC_ISA_USAGE = YES_ERROR;
				CLANG_WARN_DOCUMENTATION_COMMENTS = YES;
				CLANG_WARN_EMPTY_BODY = YES;
				CLANG_WARN_ENUM_CONVERSION = YES;
				CLANG_WARN_INFINITE_RECURSION = YES;
				CLANG_WARN_INT_CONVERSION = YES;
				CLANG_WARN_NON_LITERAL_NULL_CONVERSION = YES;
				CLANG_WARN_OBJC_IMPLICIT_RETAIN_SELF = YES;
				CLANG_WARN_OBJC_LITERAL_CONVERSION = YES;
				CLANG_WARN_OBJC_ROOT_CLASS = YES_ERROR;
				CLANG_WARN_QUOTED_INCLUDE_IN_FRAMEWORK_HEADER = YES;
				CLANG_WARN_RANGE_LOOP_ANALYSIS = YES;
				CLANG_WARN_STRICT_PROTOTYPES = YES;
				CLANG_WARN_SUSPICIOUS_MOVE = YES;
				CLANG_WARN_UNGUARDED_AVAILABILITY = YES_AGGRESSIVE;
				CLANG_WARN_UNREACHABLE_CODE = YES;
				CLANG_WARN__DUPLICATE_METHOD_MATCH = YES;
				COPY_PHASE_STRIP = NO;
				DEBUG_INFORMATION_FORMAT = "dwarf-with-dsym";
				ENABLE_NS_ASSERTIONS = NO;
				ENABLE_STRICT_OBJC_MSGSEND = YES;
				GCC_C_LANGUAGE_STANDARD = gnu11;
				GCC_NO_COMMON_BLOCKS = YES;
				GCC_WARN_64_TO_32_BIT_CONVERSION = YES;
				GCC_WARN_ABOUT_RETURN_TYPE = YES_ERROR;
				GCC_WARN_UNDECLARED_SELECTOR = YES;
				GCC_WARN_UNINITIALIZED_AUTOS = YES_AGGRESSIVE;
				GCC_WARN_UNUSED_FUNCTION = YES;
				GCC_WARN_UNUSED_VARIABLE = YES;
				IPHONEOS_DEPLOYMENT_TARGET = 14.4;
				MTL_ENABLE_DEBUG_INFO = NO;
				MTL_FAST_MATH = YES;
				SDKROOT = iphoneos;
				SWIFT_COMPILATION_MODE = wholemodule;
				SWIFT_OPTIMIZATION_LEVEL = "-O";
				VALIDATE_PRODUCT = YES;
			};
			name = Release;
		};
		89647DA5265C2D0C007C9A3D /* Debug */ = {
			isa = XCBuildConfiguration;
			baseConfigurationReference = FF0C9189C9E995975BD38945 /* Pods-AppNoticias.debug.xcconfig */;
			buildSettings = {
				ASSETCATALOG_COMPILER_APPICON_NAME = AppIcon;
				ASSETCATALOG_COMPILER_GLOBAL_ACCENT_COLOR_NAME = AccentColor;
				CODE_SIGN_STYLE = Automatic;
				INFOPLIST_FILE = AppNoticias/Info.plist;
				LD_RUNPATH_SEARCH_PATHS = (
					"$(inherited)",
					"@executable_path/Frameworks",
				);
				PRODUCT_BUNDLE_IDENTIFIER = Pessoal.AppNoticias;
				PRODUCT_NAME = "$(TARGET_NAME)";
				SWIFT_VERSION = 5.0;
				TARGETED_DEVICE_FAMILY = "1,2";
			};
			name = Debug;
		};
		89647DA6265C2D0C007C9A3D /* Release */ = {
			isa = XCBuildConfiguration;
			baseConfigurationReference = C2C6EED5D45B995180950951 /* Pods-AppNoticias.release.xcconfig */;
			buildSettings = {
				ASSETCATALOG_COMPILER_APPICON_NAME = AppIcon;
				ASSETCATALOG_COMPILER_GLOBAL_ACCENT_COLOR_NAME = AccentColor;
				CODE_SIGN_STYLE = Automatic;
				INFOPLIST_FILE = AppNoticias/Info.plist;
				LD_RUNPATH_SEARCH_PATHS = (
					"$(inherited)",
					"@executable_path/Frameworks",
				);
				PRODUCT_BUNDLE_IDENTIFIER = Pessoal.AppNoticias;
				PRODUCT_NAME = "$(TARGET_NAME)";
				SWIFT_VERSION = 5.0;
				TARGETED_DEVICE_FAMILY = "1,2";
			};
			name = Release;
		};
		89647DA8265C2D0C007C9A3D /* Debug */ = {
			isa = XCBuildConfiguration;
			baseConfigurationReference = 025D3609DEB1A32D0D2CA286 /* Pods-AppNoticiasTests.debug.xcconfig */;
			buildSettings = {
				ALWAYS_EMBED_SWIFT_STANDARD_LIBRARIES = YES;
				BUNDLE_LOADER = "$(TEST_HOST)";
				CODE_SIGN_STYLE = Automatic;
				INFOPLIST_FILE = AppNoticiasTests/Info.plist;
				IPHONEOS_DEPLOYMENT_TARGET = 14.4;
				LD_RUNPATH_SEARCH_PATHS = (
					"$(inherited)",
					"@executable_path/Frameworks",
					"@loader_path/Frameworks",
				);
				PRODUCT_BUNDLE_IDENTIFIER = Pessoal.AppNoticiasTests;
				PRODUCT_NAME = "$(TARGET_NAME)";
				SWIFT_VERSION = 5.0;
				TARGETED_DEVICE_FAMILY = "1,2";
				TEST_HOST = "$(BUILT_PRODUCTS_DIR)/AppNoticias.app/AppNoticias";
			};
			name = Debug;
		};
		89647DA9265C2D0C007C9A3D /* Release */ = {
			isa = XCBuildConfiguration;
			baseConfigurationReference = BB0BE095706E5A90A11B3A54 /* Pods-AppNoticiasTests.release.xcconfig */;
			buildSettings = {
				ALWAYS_EMBED_SWIFT_STANDARD_LIBRARIES = YES;
				BUNDLE_LOADER = "$(TEST_HOST)";
				CODE_SIGN_STYLE = Automatic;
				INFOPLIST_FILE = AppNoticiasTests/Info.plist;
				IPHONEOS_DEPLOYMENT_TARGET = 14.4;
				LD_RUNPATH_SEARCH_PATHS = (
					"$(inherited)",
					"@executable_path/Frameworks",
					"@loader_path/Frameworks",
				);
				PRODUCT_BUNDLE_IDENTIFIER = Pessoal.AppNoticiasTests;
				PRODUCT_NAME = "$(TARGET_NAME)";
				SWIFT_VERSION = 5.0;
				TARGETED_DEVICE_FAMILY = "1,2";
				TEST_HOST = "$(BUILT_PRODUCTS_DIR)/AppNoticias.app/AppNoticias";
			};
			name = Release;
		};
		89647DAB265C2D0C007C9A3D /* Debug */ = {
			isa = XCBuildConfiguration;
			baseConfigurationReference = 230453A22A139AF846D67BDE /* Pods-AppNoticias-AppNoticiasUITests.debug.xcconfig */;
			buildSettings = {
				ALWAYS_EMBED_SWIFT_STANDARD_LIBRARIES = YES;
				CODE_SIGN_STYLE = Automatic;
				INFOPLIST_FILE = AppNoticiasUITests/Info.plist;
				LD_RUNPATH_SEARCH_PATHS = (
					"$(inherited)",
					"@executable_path/Frameworks",
					"@loader_path/Frameworks",
				);
				PRODUCT_BUNDLE_IDENTIFIER = Pessoal.AppNoticiasUITests;
				PRODUCT_NAME = "$(TARGET_NAME)";
				SWIFT_VERSION = 5.0;
				TARGETED_DEVICE_FAMILY = "1,2";
				TEST_TARGET_NAME = AppNoticias;
			};
			name = Debug;
		};
		89647DAC265C2D0C007C9A3D /* Release */ = {
			isa = XCBuildConfiguration;
			baseConfigurationReference = D584ECE8EA1F72FCEFB646BC /* Pods-AppNoticias-AppNoticiasUITests.release.xcconfig */;
			buildSettings = {
				ALWAYS_EMBED_SWIFT_STANDARD_LIBRARIES = YES;
				CODE_SIGN_STYLE = Automatic;
				INFOPLIST_FILE = AppNoticiasUITests/Info.plist;
				LD_RUNPATH_SEARCH_PATHS = (
					"$(inherited)",
					"@executable_path/Frameworks",
					"@loader_path/Frameworks",
				);
				PRODUCT_BUNDLE_IDENTIFIER = Pessoal.AppNoticiasUITests;
				PRODUCT_NAME = "$(TARGET_NAME)";
				SWIFT_VERSION = 5.0;
				TARGETED_DEVICE_FAMILY = "1,2";
				TEST_TARGET_NAME = AppNoticias;
			};
			name = Release;
		};
/* End XCBuildConfiguration section */

/* Begin XCConfigurationList section */
		89647D72265C2D09007C9A3D /* Build configuration list for PBXProject "AppNoticias" */ = {
			isa = XCConfigurationList;
			buildConfigurations = (
				89647DA2265C2D0C007C9A3D /* Debug */,
				89647DA3265C2D0C007C9A3D /* Release */,
			);
			defaultConfigurationIsVisible = 0;
			defaultConfigurationName = Release;
		};
		89647DA4265C2D0C007C9A3D /* Build configuration list for PBXNativeTarget "AppNoticias" */ = {
			isa = XCConfigurationList;
			buildConfigurations = (
				89647DA5265C2D0C007C9A3D /* Debug */,
				89647DA6265C2D0C007C9A3D /* Release */,
			);
			defaultConfigurationIsVisible = 0;
			defaultConfigurationName = Release;
		};
		89647DA7265C2D0C007C9A3D /* Build configuration list for PBXNativeTarget "AppNoticiasTests" */ = {
			isa = XCConfigurationList;
			buildConfigurations = (
				89647DA8265C2D0C007C9A3D /* Debug */,
				89647DA9265C2D0C007C9A3D /* Release */,
			);
			defaultConfigurationIsVisible = 0;
			defaultConfigurationName = Release;
		};
		89647DAA265C2D0C007C9A3D /* Build configuration list for PBXNativeTarget "AppNoticiasUITests" */ = {
			isa = XCConfigurationList;
			buildConfigurations = (
				89647DAB265C2D0C007C9A3D /* Debug */,
				89647DAC265C2D0C007C9A3D /* Release */,
			);
			defaultConfigurationIsVisible = 0;
			defaultConfigurationName = Release;
		};
/* End XCConfigurationList section */

/* Begin XCVersionGroup section */
		89647D83265C2D09007C9A3D /* AppNoticias.xcdatamodeld */ = {
			isa = XCVersionGroup;
			children = (
				89647D84265C2D09007C9A3D /* AppNoticias.xcdatamodel */,
			);
			currentVersion = 89647D84265C2D09007C9A3D /* AppNoticias.xcdatamodel */;
			path = AppNoticias.xcdatamodeld;
			sourceTree = "<group>";
			versionGroupType = wrapper.xcdatamodel;
		};
/* End XCVersionGroup section */
	};
	rootObject = 89647D6F265C2D09007C9A3D /* Project object */;
}
